
Microsoft Visual Studio Solution File, Format Version 12.00
# Visual Studio Version 17
VisualStudioVersion = 17.0.31903.59
MinimumVisualStudioVersion = 10.0.40219.1
Project("{2150E333-8FDC-42A3-9474-1A3956D46DE8}") = "src", "src", "{827E0CD3-B72D-47B6-A68D-7590B98EB39B}"
EndProject
Project("{2150E333-8FDC-42A3-9474-1A3956D46DE8}") = "Domain", "Domain", "{8B290487-4C16-E85E-E807-F579CBE9FC4D}"
EndProject
Project("{FAE04EC0-301F-11D3-BF4B-00C04F79EFBC}") = "SaasMultiTenant.Domain", "src\Domain\SaasMultiTenant.Domain.csproj", "{F3258DC0-4316-4FE0-BF80-650E2E8A83EF}"
EndProject
Project("{2150E333-8FDC-42A3-9474-1A3956D46DE8}") = "Application", "Application", "{22BAF98C-8415-17C4-B26A-D537657BC863}"
EndProject
Project("{FAE04EC0-301F-11D3-BF4B-00C04F79EFBC}") = "SaasMultiTenant.Application", "src\Application\SaasMultiTenant.Application.csproj", "{3BC58BFA-29A0-4D19-89BD-620CF6363DA0}"
EndProject
Project("{2150E333-8FDC-42A3-9474-1A3956D46DE8}") = "Infrastructure", "Infrastructure", "{9048EB7F-3875-A59E-E36B-5BD4C6F2A282}"
EndProject
Project("{FAE04EC0-301F-11D3-BF4B-00C04F79EFBC}") = "SaasMultiTenant.Infrastructure", "src\Infrastructure\SaasMultiTenant.Infrastructure.csproj", "{B845CE7B-CD8D-4894-83A9-67F684E0C8AB}"
EndProject
Project("{2150E333-8FDC-42A3-9474-1A3956D46DE8}") = "Api", "Api", "{81034408-37C8-1011-444E-4C15C2FADA8E}"
EndProject
Project("{FAE04EC0-301F-11D3-BF4B-00C04F79EFBC}") = "SaasMultiTenant.Api", "src\Api\SaasMultiTenant.Api.csproj", "{BDC5172D-63FA-449F-BBE2-8BDF4A7B3687}"
EndProject
Project("{2150E333-8FDC-42A3-9474-1A3956D46DE8}") = "tests", "tests", "{0AB3BF05-4346-4AA6-1389-037BE0695223}"
EndProject
Project("{2150E333-8FDC-42A3-9474-1A3956D46DE8}") = "UnitTests", "UnitTests", "{394A81D9-3C45-9818-BB26-23F2B85056FF}"
EndProject
Project("{FAE04EC0-301F-11D3-BF4B-00C04F79EFBC}") = "SaasMultiTenant.UnitTests", "tests\UnitTests\SaasMultiTenant.UnitTests.csproj", "{734E498C-2F48-45CA-AEE3-F505908384E6}"
EndProject
Project("{2150E333-8FDC-42A3-9474-1A3956D46DE8}") = "IntegrationTests", "IntegrationTests", "{30785934-E017-5D9F-2777-3D61460A5281}"
EndProject
Project("{FAE04EC0-301F-11D3-BF4B-00C04F79EFBC}") = "SaasMultiTenant.IntegrationTests", "tests\IntegrationTests\SaasMultiTenant.IntegrationTests.csproj", "{B2F7B3D6-92C2-4B24-9C85-107B83D383FF}"
EndProject
Global
	GlobalSection(SolutionConfigurationPlatforms) = preSolution
		Debug|Any CPU = Debug|Any CPU
		Debug|x64 = Debug|x64
		Debug|x86 = Debug|x86
		Release|Any CPU = Release|Any CPU
		Release|x64 = Release|x64
		Release|x86 = Release|x86
	EndGlobalSection
	GlobalSection(ProjectConfigurationPlatforms) = postSolution
		{F3258DC0-4316-4FE0-BF80-650E2E8A83EF}.Debug|Any CPU.ActiveCfg = Debug|Any CPU
		{F3258DC0-4316-4FE0-BF80-650E2E8A83EF}.Debug|Any CPU.Build.0 = Debug|Any CPU
		{F3258DC0-4316-4FE0-BF80-650E2E8A83EF}.Debug|x64.ActiveCfg = Debug|Any CPU
		{F3258DC0-4316-4FE0-BF80-650E2E8A83EF}.Debug|x64.Build.0 = Debug|Any CPU
		{F3258DC0-4316-4FE0-BF80-650E2E8A83EF}.Debug|x86.ActiveCfg = Debug|Any CPU
		{F3258DC0-4316-4FE0-BF80-650E2E8A83EF}.Debug|x86.Build.0 = Debug|Any CPU
		{F3258DC0-4316-4FE0-BF80-650E2E8A83EF}.Release|Any CPU.ActiveCfg = Release|Any CPU
		{F3258DC0-4316-4FE0-BF80-650E2E8A83EF}.Release|Any CPU.Build.0 = Release|Any CPU
		{F3258DC0-4316-4FE0-BF80-650E2E8A83EF}.Release|x64.ActiveCfg = Release|Any CPU
		{F3258DC0-4316-4FE0-BF80-650E2E8A83EF}.Release|x64.Build.0 = Release|Any CPU
		{F3258DC0-4316-4FE0-BF80-650E2E8A83EF}.Release|x86.ActiveCfg = Release|Any CPU
		{F3258DC0-4316-4FE0-BF80-650E2E8A83EF}.Release|x86.Build.0 = Release|Any CPU
		{3BC58BFA-29A0-4D19-89BD-620CF6363DA0}.Debug|Any CPU.ActiveCfg = Debug|Any CPU
		{3BC58BFA-29A0-4D19-89BD-620CF6363DA0}.Debug|Any CPU.Build.0 = Debug|Any CPU
		{3BC58BFA-29A0-4D19-89BD-620CF6363DA0}.Debug|x64.ActiveCfg = Debug|Any CPU
		{3BC58BFA-29A0-4D19-89BD-620CF6363DA0}.Debug|x64.Build.0 = Debug|Any CPU
		{3BC58BFA-29A0-4D19-89BD-620CF6363DA0}.Debug|x86.ActiveCfg = Debug|Any CPU
		{3BC58BFA-29A0-4D19-89BD-620CF6363DA0}.Debug|x86.Build.0 = Debug|Any CPU
		{3BC58BFA-29A0-4D19-89BD-620CF6363DA0}.Release|Any CPU.ActiveCfg = Release|Any CPU
		{3BC58BFA-29A0-4D19-89BD-620CF6363DA0}.Release|Any CPU.Build.0 = Release|Any CPU
		{3BC58BFA-29A0-4D19-89BD-620CF6363DA0}.Release|x64.ActiveCfg = Release|Any CPU
		{3BC58BFA-29A0-4D19-89BD-620CF6363DA0}.Release|x64.Build.0 = Release|Any CPU
		{3BC58BFA-29A0-4D19-89BD-620CF6363DA0}.Release|x86.ActiveCfg = Release|Any CPU
		{3BC58BFA-29A0-4D19-89BD-620CF6363DA0}.Release|x86.Build.0 = Release|Any CPU
		{B845CE7B-CD8D-4894-83A9-67F684E0C8AB}.Debug|Any CPU.ActiveCfg = Debug|Any CPU
		{B845CE7B-CD8D-4894-83A9-67F684E0C8AB}.Debug|Any CPU.Build.0 = Debug|Any CPU
		{B845CE7B-CD8D-4894-83A9-67F684E0C8AB}.Debug|x64.ActiveCfg = Debug|Any CPU
		{B845CE7B-CD8D-4894-83A9-67F684E0C8AB}.Debug|x64.Build.0 = Debug|Any CPU
		{B845CE7B-CD8D-4894-83A9-67F684E0C8AB}.Debug|x86.ActiveCfg = Debug|Any CPU
		{B845CE7B-CD8D-4894-83A9-67F684E0C8AB}.Debug|x86.Build.0 = Debug|Any CPU
		{B845CE7B-CD8D-4894-83A9-67F684E0C8AB}.Release|Any CPU.ActiveCfg = Release|Any CPU
		{B845CE7B-CD8D-4894-83A9-67F684E0C8AB}.Release|Any CPU.Build.0 = Release|Any CPU
		{B845CE7B-CD8D-4894-83A9-67F684E0C8AB}.Release|x64.ActiveCfg = Release|Any CPU
		{B845CE7B-CD8D-4894-83A9-67F684E0C8AB}.Release|x64.Build.0 = Release|Any CPU
		{B845CE7B-CD8D-4894-83A9-67F684E0C8AB}.Release|x86.ActiveCfg = Release|Any CPU
		{B845CE7B-CD8D-4894-83A9-67F684E0C8AB}.Release|x86.Build.0 = Release|Any CPU
		{BDC5172D-63FA-449F-BBE2-8BDF4A7B3687}.Debug|Any CPU.ActiveCfg = Debug|Any CPU
		{BDC5172D-63FA-449F-BBE2-8BDF4A7B3687}.Debug|Any CPU.Build.0 = Debug|Any CPU
		{BDC5172D-63FA-449F-BBE2-8BDF4A7B3687}.Debug|x64.ActiveCfg = Debug|Any CPU
		{BDC5172D-63FA-449F-BBE2-8BDF4A7B3687}.Debug|x64.Build.0 = Debug|Any CPU
		{BDC5172D-63FA-449F-BBE2-8BDF4A7B3687}.Debug|x86.ActiveCfg = Debug|Any CPU
		{BDC5172D-63FA-449F-BBE2-8BDF4A7B3687}.Debug|x86.Build.0 = Debug|Any CPU
		{BDC5172D-63FA-449F-BBE2-8BDF4A7B3687}.Release|Any CPU.ActiveCfg = Release|Any CPU
		{BDC5172D-63FA-449F-BBE2-8BDF4A7B3687}.Release|Any CPU.Build.0 = Release|Any CPU
		{BDC5172D-63FA-449F-BBE2-8BDF4A7B3687}.Release|x64.ActiveCfg = Release|Any CPU
		{BDC5172D-63FA-449F-BBE2-8BDF4A7B3687}.Release|x64.Build.0 = Release|Any CPU
		{BDC5172D-63FA-449F-BBE2-8BDF4A7B3687}.Release|x86.ActiveCfg = Release|Any CPU
		{BDC5172D-63FA-449F-BBE2-8BDF4A7B3687}.Release|x86.Build.0 = Release|Any CPU
		{734E498C-2F48-45CA-AEE3-F505908384E6}.Debug|Any CPU.ActiveCfg = Debug|Any CPU
		{734E498C-2F48-45CA-AEE3-F505908384E6}.Debug|Any CPU.Build.0 = Debug|Any CPU
		{734E498C-2F48-45CA-AEE3-F505908384E6}.Debug|x64.ActiveCfg = Debug|Any CPU
		{734E498C-2F48-45CA-AEE3-F505908384E6}.Debug|x64.Build.0 = Debug|Any CPU
		{734E498C-2F48-45CA-AEE3-F505908384E6}.Debug|x86.ActiveCfg = Debug|Any CPU
		{734E498C-2F48-45CA-AEE3-F505908384E6}.Debug|x86.Build.0 = Debug|Any CPU
		{734E498C-2F48-45CA-AEE3-F505908384E6}.Release|Any CPU.ActiveCfg = Release|Any CPU
		{734E498C-2F48-45CA-AEE3-F505908384E6}.Release|Any CPU.Build.0 = Release|Any CPU
		{734E498C-2F48-45CA-AEE3-F505908384E6}.Release|x64.ActiveCfg = Release|Any CPU
		{734E498C-2F48-45CA-AEE3-F505908384E6}.Release|x64.Build.0 = Release|Any CPU
		{734E498C-2F48-45CA-AEE3-F505908384E6}.Release|x86.ActiveCfg = Release|Any CPU
		{734E498C-2F48-45CA-AEE3-F505908384E6}.Release|x86.Build.0 = Release|Any CPU
		{B2F7B3D6-92C2-4B24-9C85-107B83D383FF}.Debug|Any CPU.ActiveCfg = Debug|Any CPU
		{B2F7B3D6-92C2-4B24-9C85-107B83D383FF}.Debug|Any CPU.Build.0 = Debug|Any CPU
		{B2F7B3D6-92C2-4B24-9C85-107B83D383FF}.Debug|x64.ActiveCfg = Debug|Any CPU
		{B2F7B3D6-92C2-4B24-9C85-107B83D383FF}.Debug|x64.Build.0 = Debug|Any CPU
		{B2F7B3D6-92C2-4B24-9C85-107B83D383FF}.Debug|x86.ActiveCfg = Debug|Any CPU
		{B2F7B3D6-92C2-4B24-9C85-107B83D383FF}.Debug|x86.Build.0 = Debug|Any CPU
		{B2F7B3D6-92C2-4B24-9C85-107B83D383FF}.Release|Any CPU.ActiveCfg = Release|Any CPU
		{B2F7B3D6-92C2-4B24-9C85-107B83D383FF}.Release|Any CPU.Build.0 = Release|Any CPU
		{B2F7B3D6-92C2-4B24-9C85-107B83D383FF}.Release|x64.ActiveCfg = Release|Any CPU
		{B2F7B3D6-92C2-4B24-9C85-107B83D383FF}.Release|x64.Build.0 = Release|Any CPU
		{B2F7B3D6-92C2-4B24-9C85-107B83D383FF}.Release|x86.ActiveCfg = Release|Any CPU
		{B2F7B3D6-92C2-4B24-9C85-107B83D383FF}.Release|x86.Build.0 = Release|Any CPU
	EndGlobalSection
	GlobalSection(SolutionProperties) = preSolution
		HideSolutionNode = FALSE
	EndGlobalSection
	GlobalSection(NestedProjects) = preSolution
		{8B290487-4C16-E85E-E807-F579CBE9FC4D} = {827E0CD3-B72D-47B6-A68D-7590B98EB39B}
		{F3258DC0-4316-4FE0-BF80-650E2E8A83EF} = {8B290487-4C16-E85E-E807-F579CBE9FC4D}
		{22BAF98C-8415-17C4-B26A-D537657BC863} = {827E0CD3-B72D-47B6-A68D-7590B98EB39B}
		{3BC58BFA-29A0-4D19-89BD-620CF6363DA0} = {22BAF98C-8415-17C4-B26A-D537657BC863}
		{9048EB7F-3875-A59E-E36B-5BD4C6F2A282} = {827E0CD3-B72D-47B6-A68D-7590B98EB39B}
		{B845CE7B-CD8D-4894-83A9-67F684E0C8AB} = {9048EB7F-3875-A59E-E36B-5BD4C6F2A282}
		{81034408-37C8-1011-444E-4C15C2FADA8E} = {827E0CD3-B72D-47B6-A68D-7590B98EB39B}
		{BDC5172D-63FA-449F-BBE2-8BDF4A7B3687} = {81034408-37C8-1011-444E-4C15C2FADA8E}
		{394A81D9-3C45-9818-BB26-23F2B85056FF} = {0AB3BF05-4346-4AA6-1389-037BE0695223}
		{734E498C-2F48-45CA-AEE3-F505908384E6} = {394A81D9-3C45-9818-BB26-23F2B85056FF}
		{30785934-E017-5D9F-2777-3D61460A5281} = {0AB3BF05-4346-4AA6-1389-037BE0695223}
		{B2F7B3D6-92C2-4B24-9C85-107B83D383FF} = {30785934-E017-5D9F-2777-3D61460A5281}
	EndGlobalSection
EndGlobal
